// !$*UTF8*$!
{
	archiveVersion = 1;
	classes = {
	};
	objectVersion = 56;
	objects = {

/* Begin PBXBuildFile section */
		DE14BD592EBAFC88008476B5 /* BillsAndBalance.xcdatamodeld in Sources */ = {isa = PBXBuildFile; fileRef = DE14BD572EBAFC87008476B5 /* BillsAndBalance.xcdatamodeld */; };
		DE3D67642EC5899200761B4B /* ManagePaymentMethodsView.swift in Sources */ = {isa = PBXBuildFile; fileRef = DE3D67632EC5899200761B4B /* ManagePaymentMethodsView.swift */; };
		DE546C282F04AEAE004F8E56 /* CategoryManager.swift in Sources */ = {isa = PBXBuildFile; fileRef = DE546C272F04AEAE004F8E56 /* CategoryManager.swift */; };
		DE546C292F04AEB00048E56 /* CategorySuggester.swift in Sources */ = {isa = PBXBuildFile; fileRef = DE546C2A2F04AEB00048E56 /* CategorySuggester.swift */; };
		DE546C2B2F04AEC00048E56 /* ReportsView.swift in Sources */ = {isa = PBXBuildFile; fileRef = DE546C2C2F04AEC00048E56 /* ReportsView.swift */; };
		DE546C2D2F04AEC00048E56 /* ReportsViewModel.swift in Sources */ = {isa = PBXBuildFile; fileRef = DE546C2E2F04AEC00048E56 /* ReportsViewModel.swift */; };
		DE7A5C6A2EC60BD700A67202 /* BitcoinPriceService.swift in Sources */ = {isa = PBXBuildFile; fileRef = DE7A5C692EC60BD700A67202 /* BitcoinPriceService.swift */; };
		DE7C83972EBAF76A00880E97 /* BillsAndBalanceApp.swift in Sources */ = {isa = PBXBuildFile; fileRef = DE7C83942EBAF76A00880E97 /* BillsAndBalanceApp.swift */; };
		DE7C83982EBAF76A00880E97 /* ContentView.swift in Sources */ = {isa = PBXBuildFile; fileRef = DE7C83952EBAF76A00880E97 /* ContentView.swift */; };
		DE7C83992EBAF76A00880E97 /* PersistenceController.swift in Sources */ = {isa = PBXBuildFile; fileRef = DE7C83962EBAF76A00880E97 /* PersistenceController.swift */; };
		DE7C83A32EBAFA4E00880E97 /* BillListView.swift in Sources */ = {isa = PBXBuildFile; fileRef = DE7C839C2EBAFA4E00880E97 /* BillListView.swift */; };
		DE7C83A62EBAFA4E00880E97 /* NotificationManager.swift in Sources */ = {isa = PBXBuildFile; fileRef = DE7C83A12EBAFA4E00880E97 /* NotificationManager.swift */; };
		DE7C83A72EBAFA4E00880E97 /* HapticManager.swift in Sources */ = {isa = PBXBuildFile; fileRef = DE7C83A02EBAFA4E00880E97 /* HapticManager.swift */; };
		DE7C83A82EBAFA4E00880E97 /* AddEditBillView.swift in Sources */ = {isa = PBXBuildFile; fileRef = DE7C839B2EBAFA4E00880E97 /* AddEditBillView.swift */; };
		DE7C83A92EBAFA4E00880E97 /* BillViewModel.swift in Sources */ = {isa = PBXBuildFile; fileRef = DE7C839E2EBAFA4E00880E97 /* BillViewModel.swift */; };
		DE8439472EC82C3200C677EA /* BitcoinView.swift in Sources */ = {isa = PBXBuildFile; fileRef = DE8439462EC82C3200C677EA /* BitcoinView.swift */; };
		DE9A1B722EC976AA00C38E04 /* ShakeDetector.swift in Sources */ = {isa = PBXBuildFile; fileRef = DE9A1B712EC976AA00C38E04 /* ShakeDetector.swift */; };
		DE9A1B742ECA1C1400C38E04 /* ManageAccountsView.swift in Sources */ = {isa = PBXBuildFile; fileRef = DE9A1B732ECA1C1400C38E04 /* ManageAccountsView.swift */; };
		DED060622EBCC41000EF3BD3 /* SplashScreenView.swift in Sources */ = {isa = PBXBuildFile; fileRef = DED060612EBCC41000EF3BD3 /* SplashScreenView.swift */; };
		DED060632EBCC41000EF3BD3 /* OnboardingView.swift in Sources */ = {isa = PBXBuildFile; fileRef = DED060602EBCC41000EF3BD3 /* OnboardingView.swift */; };
		DED0AAA72EBCC41000EF3BD4 /* OnboardingManager.swift in Sources */ = {isa = PBXBuildFile; fileRef = DED0AAA62EBCC41000EF3BD4 /* OnboardingManager.swift */; };
		DED0AAA92EBCC41000EF3BD6 /* Assets.xcassets in Resources */ = {isa = PBXBuildFile; fileRef = DED0AAA82EBCC41000EF3BD6 /* Assets.xcassets */; };
		DED579AE2F06C25C00FBBEDC /* ManageBillsView.swift in Sources */ = {isa = PBXBuildFile; fileRef = DED579AD2F06C25C00FBBEDC /* ManageBillsView.swift */; };
		DED579B02F06D6AC00FBBEDC /* ManualIncomeEntrySheet.swift in Sources */ = {isa = PBXBuildFile; fileRef = DED579AF2F06D6AC00FBBEDC /* ManualIncomeEntrySheet.swift */; };
		DED579B12F06D6AD00FBBEDC /* ManualTransactionEntrySheet.swift in Sources */ = {isa = PBXBuildFile; fileRef = DED579B22F06D6AD00FBBEDC /* ManualTransactionEntrySheet.swift */; };
		DED579B32F06D6AE00FBBEDC /* AccountDetailView.swift in Sources */ = {isa = PBXBuildFile; fileRef = DED579B42F06D6AE00FBBEDC /* AccountDetailView.swift */; };
		DEF001002ED930F40056A7A2 /* AccountViewModel.swift in Sources */ = {isa = PBXBuildFile; fileRef = DEF0010F2ED930F40056A7A2 /* AccountViewModel.swift */; };
		DEF001012ED930F40056A7A2 /* BalanceView.swift in Sources */ = {isa = PBXBuildFile; fileRef = DEF001102ED930F40056A7A2 /* BalanceView.swift */; };
		DEF001022ED930F50056A7A2 /* AccountEditorSheet.swift in Sources */ = {isa = PBXBuildFile; fileRef = DEF001132ED930F50056A7A2 /* AccountEditorSheet.swift */; };
		DEF001022ED930F40056A7A2 /* CalendarTabView.swift in Sources */ = {isa = PBXBuildFile; fileRef = DEF001112ED930F40056A7A2 /* CalendarTabView.swift */; };
		DEF001032ED930F40056A7A2 /* MainTabView.swift in Sources */ = {isa = PBXBuildFile; fileRef = DEF001122ED930F40056A7A2 /* MainTabView.swift */; };
		DEF101132EDA57F10056A7A3 /* CreditCardManager.swift in Sources */ = {isa = PBXBuildFile; fileRef = DEF101112EDA57F10056A7A3 /* CreditCardManager.swift */; };
		DEF101142EDA57F10056A7A3 /* ManageCreditCardsView.swift in Sources */ = {isa = PBXBuildFile; fileRef = DEF101122EDA57F10056A7A3 /* ManageCreditCardsView.swift */; };
		DF2001202EE2C5D1003006B1 /* PaycheckEditorSheet.swift in Sources */ = {isa = PBXBuildFile; fileRef = DF20011E2EE2C5D1003006B1 /* PaycheckEditorSheet.swift */; };
		DF2001212EE2C5D1003006B1 /* PaycheckViewModel.swift in Sources */ = {isa = PBXBuildFile; fileRef = DF20011F2EE2C5D1003006B1 /* PaycheckViewModel.swift */; };
		DE57A0042F08AA0001 /* StatementImportSheet.swift in Sources */ = {isa = PBXBuildFile; fileRef = DE57A0032F08AA0001 /* StatementImportSheet.swift */; };
		DE57B0012F08BB0001 /* TransactionCSVParser.swift in Sources */ = {isa = PBXBuildFile; fileRef = DE57B0022F08BB0001 /* TransactionCSVParser.swift */; };
		DE57C0012F08CC0001 /* YearWrapPopupView.swift in Sources */ = {isa = PBXBuildFile; fileRef = DE57C0022F08CC0001 /* YearWrapPopupView.swift */; };
		DE57E0052F08EE0001 /* FeeParsing.swift in Sources */ = {isa = PBXBuildFile; fileRef = DE57E0042F08EE0001 /* FeeParsing.swift */; };
/* End PBXBuildFile section */

/* Begin PBXFileReference section */
		A1234567890123456789012345678921 /* BillsAndBalance.app */ = {isa = PBXFileReference; explicitFileType = wrapper.application; includeInIndex = 0; path = BillsAndBalance.app; sourceTree = BUILT_PRODUCTS_DIR; };
		DE14BD582EBAFC87008476B5 /* BillsAndBalance.xcdatamodel */ = {isa = PBXFileReference; lastKnownFileType = wrapper.xcdatamodel; path = BillsAndBalance.xcdatamodel; sourceTree = "<group>"; };
		DE3D67632EC5899200761B4B /* ManagePaymentMethodsView.swift */ = {isa = PBXFileReference; lastKnownFileType = sourcecode.swift; path = ManagePaymentMethodsView.swift; sourceTree = "<group>"; };
		DE546C272F04AEAE004F8E56 /* CategoryManager.swift */ = {isa = PBXFileReference; lastKnownFileType = sourcecode.swift; path = CategoryManager.swift; sourceTree = "<group>"; };
		DE546C2A2F04AEB00048E56 /* CategorySuggester.swift */ = {isa = PBXFileReference; lastKnownFileType = sourcecode.swift; path = CategorySuggester.swift; sourceTree = "<group>"; };
		DE546C2C2F04AEC00048E56 /* ReportsView.swift */ = {isa = PBXFileReference; lastKnownFileType = sourcecode.swift; path = ReportsView.swift; sourceTree = "<group>"; };
		DE546C2E2F04AEC00048E56 /* ReportsViewModel.swift */ = {isa = PBXFileReference; lastKnownFileType = sourcecode.swift; path = ReportsViewModel.swift; sourceTree = "<group>"; };
		DE7A5C692EC60BD700A67202 /* BitcoinPriceService.swift */ = {isa = PBXFileReference; lastKnownFileType = sourcecode.swift; path = BitcoinPriceService.swift; sourceTree = "<group>"; };
		DE7C83942EBAF76A00880E97 /* BillsAndBalanceApp.swift */ = {isa = PBXFileReference; lastKnownFileType = sourcecode.swift; path = BillsAndBalanceApp.swift; sourceTree = "<group>"; };
		DE7C83952EBAF76A00880E97 /* ContentView.swift */ = {isa = PBXFileReference; lastKnownFileType = sourcecode.swift; path = ContentView.swift; sourceTree = "<group>"; };
		DE7C83962EBAF76A00880E97 /* PersistenceController.swift */ = {isa = PBXFileReference; lastKnownFileType = sourcecode.swift; path = PersistenceController.swift; sourceTree = "<group>"; };
		DE7C839A2EBAF78000880E97 /* BillsAndBalance-Bridging-Header.h */ = {isa = PBXFileReference; lastKnownFileType = sourcecode.c.h; path = "BillsAndBalance-Bridging-Header.h"; sourceTree = "<group>"; };
		DE7C839B2EBAFA4E00880E97 /* AddEditBillView.swift */ = {isa = PBXFileReference; lastKnownFileType = sourcecode.swift; path = AddEditBillView.swift; sourceTree = "<group>"; };
		DE7C839C2EBAFA4E00880E97 /* BillListView.swift */ = {isa = PBXFileReference; lastKnownFileType = sourcecode.swift; path = BillListView.swift; sourceTree = "<group>"; };
		DE7C839E2EBAFA4E00880E97 /* BillViewModel.swift */ = {isa = PBXFileReference; lastKnownFileType = sourcecode.swift; path = BillViewModel.swift; sourceTree = "<group>"; };
		DE7C83A02EBAFA4E00880E97 /* HapticManager.swift */ = {isa = PBXFileReference; lastKnownFileType = sourcecode.swift; path = HapticManager.swift; sourceTree = "<group>"; };
		DE7C83A12EBAFA4E00880E97 /* NotificationManager.swift */ = {isa = PBXFileReference; lastKnownFileType = sourcecode.swift; path = NotificationManager.swift; sourceTree = "<group>"; };
		DE8439462EC82C3200C677EA /* BitcoinView.swift */ = {isa = PBXFileReference; lastKnownFileType = sourcecode.swift; path = BitcoinView.swift; sourceTree = "<group>"; };
		DE9A1B712EC976AA00C38E04 /* ShakeDetector.swift */ = {isa = PBXFileReference; lastKnownFileType = sourcecode.swift; path = ShakeDetector.swift; sourceTree = "<group>"; };
		DE9A1B732ECA1C1400C38E04 /* ManageAccountsView.swift */ = {isa = PBXFileReference; lastKnownFileType = sourcecode.swift; path = ManageAccountsView.swift; sourceTree = "<group>"; };
		DED060602EBCC41000EF3BD3 /* OnboardingView.swift */ = {isa = PBXFileReference; lastKnownFileType = sourcecode.swift; path = OnboardingView.swift; sourceTree = "<group>"; };
		DED060612EBCC41000EF3BD3 /* SplashScreenView.swift */ = {isa = PBXFileReference; lastKnownFileType = sourcecode.swift; path = SplashScreenView.swift; sourceTree = "<group>"; };
		DED0AAA62EBCC41000EF3BD4 /* OnboardingManager.swift */ = {isa = PBXFileReference; lastKnownFileType = sourcecode.swift; path = OnboardingManager.swift; sourceTree = "<group>"; };
		DED0AAA82EBCC41000EF3BD5 /* Preview Assets.xcassets */ = {isa = PBXFileReference; lastKnownFileType = folder.assetcatalog; path = "Preview Assets.xcassets"; sourceTree = "<group>"; };
		DED0AAA82EBCC41000EF3BD6 /* Assets.xcassets */ = {isa = PBXFileReference; lastKnownFileType = folder.assetcatalog; path = Assets.xcassets; sourceTree = "<group>"; };
		DED579AD2F06C25C00FBBEDC /* ManageBillsView.swift */ = {isa = PBXFileReference; lastKnownFileType = sourcecode.swift; path = ManageBillsView.swift; sourceTree = "<group>"; };
		DED579AF2F06D6AC00FBBEDC /* ManualIncomeEntrySheet.swift */ = {isa = PBXFileReference; lastKnownFileType = sourcecode.swift; path = ManualIncomeEntrySheet.swift; sourceTree = "<group>"; };
		DED579B22F06D6AD00FBBEDC /* ManualTransactionEntrySheet.swift */ = {isa = PBXFileReference; lastKnownFileType = sourcecode.swift; path = ManualTransactionEntrySheet.swift; sourceTree = "<group>"; };
		DED579B42F06D6AE00FBBEDC /* AccountDetailView.swift */ = {isa = PBXFileReference; lastKnownFileType = sourcecode.swift; path = AccountDetailView.swift; sourceTree = "<group>"; };
		DEF0010F2ED930F40056A7A2 /* AccountViewModel.swift */ = {isa = PBXFileReference; lastKnownFileType = sourcecode.swift; path = AccountViewModel.swift; sourceTree = "<group>"; };
		DEF001102ED930F40056A7A2 /* BalanceView.swift */ = {isa = PBXFileReference; lastKnownFileType = sourcecode.swift; path = BalanceView.swift; sourceTree = "<group>"; };
		DEF001132ED930F50056A7A2 /* AccountEditorSheet.swift */ = {isa = PBXFileReference; lastKnownFileType = sourcecode.swift; path = AccountEditorSheet.swift; sourceTree = "<group>"; };
		DEF001112ED930F40056A7A2 /* CalendarTabView.swift */ = {isa = PBXFileReference; lastKnownFileType = sourcecode.swift; path = CalendarTabView.swift; sourceTree = "<group>"; };
		DEF001122ED930F40056A7A2 /* MainTabView.swift */ = {isa = PBXFileReference; lastKnownFileType = sourcecode.swift; path = MainTabView.swift; sourceTree = "<group>"; };
		DEF101112EDA57F10056A7A3 /* CreditCardManager.swift */ = {isa = PBXFileReference; lastKnownFileType = sourcecode.swift; path = CreditCardManager.swift; sourceTree = "<group>"; };
		DEF101122EDA57F10056A7A3 /* ManageCreditCardsView.swift */ = {isa = PBXFileReference; lastKnownFileType = sourcecode.swift; path = ManageCreditCardsView.swift; sourceTree = "<group>"; };
		DF20011E2EE2C5D1003006B1 /* PaycheckEditorSheet.swift */ = {isa = PBXFileReference; lastKnownFileType = sourcecode.swift; path = PaycheckEditorSheet.swift; sourceTree = "<group>"; };
		DF20011F2EE2C5D1003006B1 /* PaycheckViewModel.swift */ = {isa = PBXFileReference; lastKnownFileType = sourcecode.swift; path = PaycheckViewModel.swift; sourceTree = "<group>"; };
		DE57A0032F08AA0001 /* StatementImportSheet.swift */ = {isa = PBXFileReference; lastKnownFileType = sourcecode.swift; path = StatementImportSheet.swift; sourceTree = "<group>"; };
		DE57B0022F08BB0001 /* TransactionCSVParser.swift */ = {isa = PBXFileReference; lastKnownFileType = sourcecode.swift; path = TransactionCSVParser.swift; sourceTree = "<group>"; };
		DE57C0022F08CC0001 /* YearWrapPopupView.swift */ = {isa = PBXFileReference; lastKnownFileType = sourcecode.swift; path = YearWrapPopupView.swift; sourceTree = "<group>"; };
		DE57E0042F08EE0001 /* FeeParsing.swift */ = {isa = PBXFileReference; lastKnownFileType = sourcecode.swift; path = FeeParsing.swift; sourceTree = "<group>"; };
/* End PBXFileReference section */

/* Begin PBXFrameworksBuildPhase section */
		A1234567890123456789012345678926 /* Frameworks */ = {
			isa = PBXFrameworksBuildPhase;
			buildActionMask = 2147483647;
			files = (
			);
			runOnlyForDeploymentPostprocessing = 0;
		};
/* End PBXFrameworksBuildPhase section */

/* Begin PBXGroup section */
		A1234567890123456789012345678933 = {
			isa = PBXGroup;
			children = (
				DED579AF2F06D6AC00FBBEDC /* ManualIncomeEntrySheet.swift */,
				DED579B22F06D6AD00FBBEDC /* ManualTransactionEntrySheet.swift */,
				DED579B42F06D6AE00FBBEDC /* AccountDetailView.swift */,
				DED579AD2F06C25C00FBBEDC /* ManageBillsView.swift */,
				DE546C272F04AEAE004F8E56 /* CategoryManager.swift */,
				DE546C2A2F04AEB00048E56 /* CategorySuggester.swift */,
				DE546C2C2F04AEC00048E56 /* ReportsView.swift */,
				DE546C2E2F04AEC00048E56 /* ReportsViewModel.swift */,
				DE57E0042F08EE0001 /* FeeParsing.swift */,
				DE9A1B732ECA1C1400C38E04 /* ManageAccountsView.swift */,
				DE9A1B712EC976AA00C38E04 /* ShakeDetector.swift */,
				DE8439462EC82C3200C677EA /* BitcoinView.swift */,
				DE7A5C692EC60BD700A67202 /* BitcoinPriceService.swift */,
				DE3D67632EC5899200761B4B /* ManagePaymentMethodsView.swift */,
				AA0000000000000000000001 /* App */,
				AA0000000000000000000002 /* Views */,
				AA0000000000000000000003 /* ViewModels */,
				AA0000000000000000000004 /* Managers */,
				AA0000000000000000000005 /* Core Data */,
				AA0000000000000000000006 /* Resources */,
				AA0000000000000000000007 /* Preview Content */,
				A1234567890123456789012345678934 /* Products */,
			);
			sourceTree = "<group>";
		};
		A1234567890123456789012345678934 /* Products */ = {
			isa = PBXGroup;
			children = (
				A1234567890123456789012345678921 /* BillsAndBalance.app */,
			);
			name = Products;
			sourceTree = "<group>";
		};
		AA0000000000000000000001 /* App */ = {
			isa = PBXGroup;
			children = (
				DE7C83942EBAF76A00880E97 /* BillsAndBalanceApp.swift */,
				DE7C83962EBAF76A00880E97 /* PersistenceController.swift */,
			);
			name = App;
			sourceTree = "<group>";
		};
		AA0000000000000000000002 /* Views */ = {
			isa = PBXGroup;
			children = (
				DE7C83952EBAF76A00880E97 /* ContentView.swift */,
				DE7C839B2EBAFA4E00880E97 /* AddEditBillView.swift */,
				DE7C839C2EBAFA4E00880E97 /* BillListView.swift */,
				DEF101122EDA57F10056A7A3 /* ManageCreditCardsView.swift */,
				DED060602EBCC41000EF3BD3 /* OnboardingView.swift */,
				DED060612EBCC41000EF3BD3 /* SplashScreenView.swift */,
				DEF001102ED930F40056A7A2 /* BalanceView.swift */,
				DEF001132ED930F50056A7A2 /* AccountEditorSheet.swift */,
				DEF001112ED930F40056A7A2 /* CalendarTabView.swift */,
				DEF001122ED930F40056A7A2 /* MainTabView.swift */,
				DF20011E2EE2C5D1003006B1 /* PaycheckEditorSheet.swift */,
				DE57A0032F08AA0001 /* StatementImportSheet.swift */,
				DE57C0022F08CC0001 /* YearWrapPopupView.swift */,
			);
			name = Views;
			sourceTree = "<group>";
		};
		AA0000000000000000000003 /* ViewModels */ = {
			isa = PBXGroup;
			children = (
				DE7C839E2EBAFA4E00880E97 /* BillViewModel.swift */,
				DEF0010F2ED930F40056A7A2 /* AccountViewModel.swift */,
				DF20011F2EE2C5D1003006B1 /* PaycheckViewModel.swift */,
			);
			name = ViewModels;
			sourceTree = "<group>";
		};
		AA0000000000000000000004 /* Managers */ = {
			isa = PBXGroup;
			children = (
				DE7C83A02EBAFA4E00880E97 /* HapticManager.swift */,
				DE7C83A12EBAFA4E00880E97 /* NotificationManager.swift */,
				DED0AAA62EBCC41000EF3BD4 /* OnboardingManager.swift */,
				DEF101112EDA57F10056A7A3 /* CreditCardManager.swift */,
				DE57B0022F08BB0001 /* TransactionCSVParser.swift */,
			);
			name = Managers;
			sourceTree = "<group>";
		};
		AA0000000000000000000005 /* Core Data */ = {
			isa = PBXGroup;
			children = (
				DE14BD572EBAFC87008476B5 /* BillsAndBalance.xcdatamodeld */,
			);
			name = "Core Data";
			sourceTree = "<group>";
		};
		AA0000000000000000000006 /* Resources */ = {
			isa = PBXGroup;
			children = (
				DE7C839A2EBAF78000880E97 /* BillsAndBalance-Bridging-Header.h */,
				DED0AAA82EBCC41000EF3BD6 /* Assets.xcassets */,
			);
			name = Resources;
			sourceTree = "<group>";
		};
		AA0000000000000000000007 /* Preview Content */ = {
			isa = PBXGroup;
			children = (
				DED0AAA82EBCC41000EF3BD5 /* Preview Assets.xcassets */,
			);
			path = "Preview Content";
			sourceTree = "<group>";
		};
/* End PBXGroup section */

/* Begin PBXNativeTarget section */
		A1234567890123456789012345678935 /* BillsAndBalance */ = {
			isa = PBXNativeTarget;
			buildConfigurationList = A1234567890123456789012345678936 /* Build configuration list for PBXNativeTarget "BillsAndBalance" */;
			buildPhases = (
				A1234567890123456789012345678937 /* Sources */,
				A1234567890123456789012345678926 /* Frameworks */,
				A1234567890123456789012345678938 /* Resources */,
			);
			buildRules = (
			);
			dependencies = (
			);
			name = BillsAndBalance;
			productName = BillsAndBalance;
			productReference = A1234567890123456789012345678921 /* BillsAndBalance.app */;
			productType = "com.apple.product-type.application";
		};
/* End PBXNativeTarget section */

/* Begin PBXProject section */
		A1234567890123456789012345678939 /* Project object */ = {
			isa = PBXProject;
			attributes = {
				BuildIndependentTargetsInParallel = 1;
				LastSwiftUpdateCheck = 1500;
				LastUpgradeCheck = 2620;
				TargetAttributes = {
					A1234567890123456789012345678935 = {
						CreatedOnToolsVersion = 15.0;
						LastSwiftMigration = 2610;
					};
				};
			};
			buildConfigurationList = A1234567890123456789012345678940 /* Build configuration list for PBXProject "BillsAndBalance" */;
			compatibilityVersion = "Xcode 14.0";
			developmentRegion = en;
			hasScannedForEncodings = 0;
			knownRegions = (
				en,
				Base,
			);
			mainGroup = A1234567890123456789012345678933;
			productRefGroup = A1234567890123456789012345678934 /* Products */;
			projectDirPath = "";
			projectRoot = "";
			targets = (
				A1234567890123456789012345678935 /* BillsAndBalance */,
			);
		};
/* End PBXProject section */

/* Begin PBXResourcesBuildPhase section */
		A1234567890123456789012345678938 /* Resources */ = {
			isa = PBXResourcesBuildPhase;
			buildActionMask = 2147483647;
			files = (
				DED0AAA92EBCC41000EF3BD6 /* Assets.xcassets in Resources */,
			);
			runOnlyForDeploymentPostprocessing = 0;
		};
/* End PBXResourcesBuildPhase section */

/* Begin PBXSourcesBuildPhase section */
		A1234567890123456789012345678937 /* Sources */ = {
			isa = PBXSourcesBuildPhase;
			buildActionMask = 2147483647;
			files = (
				DE7C83972EBAF76A00880E97 /* BillsAndBalanceApp.swift in Sources */,
				DEF001032ED930F40056A7A2 /* MainTabView.swift in Sources */,
				DF2001212EE2C5D1003006B1 /* PaycheckViewModel.swift in Sources */,
				DE9A1B742ECA1C1400C38E04 /* ManageAccountsView.swift in Sources */,
				DE7C83A32EBAFA4E00880E97 /* BillListView.swift in Sources */,
				DE9A1B722EC976AA00C38E04 /* ShakeDetector.swift in Sources */,
				DE7C83A62EBAFA4E00880E97 /* NotificationManager.swift in Sources */,
				DE3D67642EC5899200761B4B /* ManagePaymentMethodsView.swift in Sources */,
				DE8439472EC82C3200C677EA /* BitcoinView.swift in Sources */,
				DE546C282F04AEAE004F8E56 /* CategoryManager.swift in Sources */,
				DE546C292F04AEB00048E56 /* CategorySuggester.swift in Sources */,
				DE546C2B2F04AEC00048E56 /* ReportsView.swift in Sources */,
				DE546C2D2F04AEC00048E56 /* ReportsViewModel.swift in Sources */,
				DE7C83A72EBAFA4E00880E97 /* HapticManager.swift in Sources */,
				DED579AE2F06C25C00FBBEDC /* ManageBillsView.swift in Sources */,
				DE7C83A82EBAFA4E00880E97 /* AddEditBillView.swift in Sources */,
				DE7C83A92EBAFA4E00880E97 /* BillViewModel.swift in Sources */,
				DEF001002ED930F40056A7A2 /* AccountViewModel.swift in Sources */,
				DEF101132EDA57F10056A7A3 /* CreditCardManager.swift in Sources */,
				DED060622EBCC41000EF3BD3 /* SplashScreenView.swift in Sources */,
				DE7A5C6A2EC60BD700A67202 /* BitcoinPriceService.swift in Sources */,
				DED060632EBCC41000EF3BD3 /* OnboardingView.swift in Sources */,
				DED0AAA72EBCC41000EF3BD4 /* OnboardingManager.swift in Sources */,
				DE7C83982EBAF76A00880E97 /* ContentView.swift in Sources */,
				DE7C83992EBAF76A00880E97 /* PersistenceController.swift in Sources */,
				DEF001012ED930F40056A7A2 /* BalanceView.swift in Sources */,
				DEF001022ED930F50056A7A2 /* AccountEditorSheet.swift in Sources */,
				DF2001202EE2C5D1003006B1 /* PaycheckEditorSheet.swift in Sources */,
				DEF001022ED930F40056A7A2 /* CalendarTabView.swift in Sources */,
				DEF101142EDA57F10056A7A3 /* ManageCreditCardsView.swift in Sources */,
				DE14BD592EBAFC88008476B5 /* BillsAndBalance.xcdatamodeld in Sources */,
				DED579B02F06D6AC00FBBEDC /* ManualIncomeEntrySheet.swift in Sources */,
				DED579B12F06D6AD00FBBEDC /* ManualTransactionEntrySheet.swift in Sources */,
				DED579B32F06D6AE00FBBEDC /* AccountDetailView.swift in Sources */,
				DE57A0042F08AA0001 /* StatementImportSheet.swift in Sources */,
				DE57B0012F08BB0001 /* TransactionCSVParser.swift in Sources */,
				DE57C0012F08CC0001 /* YearWrapPopupView.swift in Sources */,
				DE57E0052F08EE0001 /* FeeParsing.swift in Sources */,
			);
			runOnlyForDeploymentPostprocessing = 0;
		};
/* End PBXSourcesBuildPhase section */

/* Begin XCBuildConfiguration section */
		A1234567890123456789012345678941 /* Debug */ = {
			isa = XCBuildConfiguration;
			buildSettings = {
				ALWAYS_SEARCH_USER_PATHS = NO;
				ASSETCATALOG_COMPILER_GENERATE_SWIFT_ASSET_SYMBOL_EXTENSIONS = YES;
				CLANG_ANALYZER_NONNULL = YES;
				CLANG_ANALYZER_NUMBER_OBJECT_CONVERSION = YES_AGGRESSIVE;
				CLANG_CXX_LANGUAGE_STANDARD = "gnu++20";
				CLANG_ENABLE_MODULES = YES;
				CLANG_ENABLE_OBJC_ARC = YES;
				CLANG_ENABLE_OBJC_WEAK = YES;
				CLANG_WARN_BLOCK_CAPTURE_AUTORELEASING = YES;
				CLANG_WARN_BOOL_CONVERSION = YES;
				CLANG_WARN_COMMA = YES;
				CLANG_WARN_CONSTANT_CONVERSION = YES;
				CLANG_WARN_DEPRECATED_OBJC_IMPLEMENTATIONS = YES;
				CLANG_WARN_DIRECT_OBJC_ISA_USAGE = YES_ERROR;
				CLANG_WARN_DOCUMENTATION_COMMENTS = YES;
				CLANG_WARN_EMPTY_BODY = YES;
				CLANG_WARN_ENUM_CONVERSION = YES;
				CLANG_WARN_INFINITE_RECURSION = YES;
				CLANG_WARN_INT_CONVERSION = YES;
				CLANG_WARN_NON_LITERAL_NULL_CONVERSION = YES;
				CLANG_WARN_OBJC_IMPLICIT_RETAIN_SELF = YES;
				CLANG_WARN_OBJC_LITERAL_CONVERSION = YES;
				CLANG_WARN_OBJC_ROOT_CLASS = YES_ERROR;
				CLANG_WARN_QUOTED_INCLUDE_IN_FRAMEWORK_HEADER = YES;
				CLANG_WARN_RANGE_LOOP_ANALYSIS = YES;
				CLANG_WARN_STRICT_PROTOTYPES = YES;
				CLANG_WARN_SUSPICIOUS_MOVE = YES;
				CLANG_WARN_UNGUARDED_AVAILABILITY = YES_AGGRESSIVE;
				CLANG_WARN_UNREACHABLE_CODE = YES;
				CLANG_WARN__DUPLICATE_METHOD_MATCH = YES;
				COPY_PHASE_STRIP = NO;
				DEBUG_INFORMATION_FORMAT = dwarf;
				DEVELOPMENT_TEAM = 3GG234YCUT;
				ENABLE_NS_ASSERTIONS = YES;
				ENABLE_STRICT_OBJC_MSGSEND = YES;
				ENABLE_TESTABILITY = YES;
				ENABLE_USER_SCRIPT_SANDBOXING = YES;
				GCC_C_LANGUAGE_STANDARD = gnu17;
				GCC_DYNAMIC_NO_PIC = NO;
				GCC_NO_COMMON_BLOCKS = YES;
				GCC_OPTIMIZATION_LEVEL = 0;
				GCC_PREPROCESSOR_DEFINITIONS = (
					"DEBUG=1",
					"$(inherited)",
				);
				GCC_WARN_64_TO_32_BIT_CONVERSION = YES;
				GCC_WARN_ABOUT_RETURN_TYPE = YES_ERROR;
				GCC_WARN_UNDECLARED_SELECTOR = YES;
				GCC_WARN_UNINITIALIZED_AUTOS = YES_AGGRESSIVE;
				GCC_WARN_UNUSED_FUNCTION = YES;
				GCC_WARN_UNUSED_VARIABLE = YES;
				IPHONEOS_DEPLOYMENT_TARGET = 17.0;
				LOCALIZATION_PREFERS_STRING_CATALOGS = YES;
				MTL_ENABLE_DEBUG_INFO = INCLUDE_SOURCE;
				MTL_FAST_MATH = YES;
				ONLY_ACTIVE_ARCH = YES;
				SDKROOT = iphoneos;
				STRING_CATALOG_GENERATE_SYMBOLS = YES;
				SWIFT_ACTIVE_COMPILATION_CONDITIONS = "DEBUG $(inherited)";
				SWIFT_OPTIMIZATION_LEVEL = "-Onone";
			};
			name = Debug;
		};
		A1234567890123456789012345678942 /* Release */ = {
			isa = XCBuildConfiguration;
			buildSettings = {
				ALWAYS_SEARCH_USER_PATHS = NO;
				ASSETCATALOG_COMPILER_GENERATE_SWIFT_ASSET_SYMBOL_EXTENSIONS = YES;
				CLANG_ANALYZER_NONNULL = YES;
				CLANG_ANALYZER_NUMBER_OBJECT_CONVERSION = YES_AGGRESSIVE;
				CLANG_CXX_LANGUAGE_STANDARD = "gnu++20";
				CLANG_ENABLE_MODULES = YES;
				CLANG_ENABLE_OBJC_ARC = YES;
				CLANG_ENABLE_OBJC_WEAK = YES;
				CLANG_WARN_BLOCK_CAPTURE_AUTORELEASING = YES;
				CLANG_WARN_BOOL_CONVERSION = YES;
				CLANG_WARN_COMMA = YES;
				CLANG_WARN_CONSTANT_CONVERSION = YES;
				CLANG_WARN_DEPRECATED_OBJC_IMPLEMENTATIONS = YES;
				CLANG_WARN_DIRECT_OBJC_ISA_USAGE = YES_ERROR;
				CLANG_WARN_DOCUMENTATION_COMMENTS = YES;
				CLANG_WARN_EMPTY_BODY = YES;
				CLANG_WARN_ENUM_CONVERSION = YES;
				CLANG_WARN_INFINITE_RECURSION = YES;
				CLANG_WARN_INT_CONVERSION = YES;
				CLANG_WARN_NON_LITERAL_NULL_CONVERSION = YES;
				CLANG_WARN_OBJC_IMPLICIT_RETAIN_SELF = YES;
				CLANG_WARN_OBJC_LITERAL_CONVERSION = YES;
				CLANG_WARN_OBJC_ROOT_CLASS = YES_ERROR;
				CLANG_WARN_QUOTED_INCLUDE_IN_FRAMEWORK_HEADER = YES;
				CLANG_WARN_RANGE_LOOP_ANALYSIS = YES;
				CLANG_WARN_STRICT_PROTOTYPES = YES;
				CLANG_WARN_SUSPICIOUS_MOVE = YES;
				CLANG_WARN_UNGUARDED_AVAILABILITY = YES_AGGRESSIVE;
				CLANG_WARN_UNREACHABLE_CODE = YES;
				CLANG_WARN__DUPLICATE_METHOD_MATCH = YES;
				COPY_PHASE_STRIP = NO;
				DEBUG_INFORMATION_FORMAT = "dwarf-with-dsym";
				DEVELOPMENT_TEAM = 3GG234YCUT;
				ENABLE_NS_ASSERTIONS = NO;
				ENABLE_STRICT_OBJC_MSGSEND = YES;
				ENABLE_USER_SCRIPT_SANDBOXING = YES;
				GCC_C_LANGUAGE_STANDARD = gnu17;
				GCC_NO_COMMON_BLOCKS = YES;
				GCC_WARN_64_TO_32_BIT_CONVERSION = YES;
				GCC_WARN_ABOUT_RETURN_TYPE = YES_ERROR;
				GCC_WARN_UNDECLARED_SELECTOR = YES;
				GCC_WARN_UNINITIALIZED_AUTOS = YES_AGGRESSIVE;
				GCC_WARN_UNUSED_FUNCTION = YES;
				GCC_WARN_UNUSED_VARIABLE = YES;
				IPHONEOS_DEPLOYMENT_TARGET = 17.0;
				LOCALIZATION_PREFERS_STRING_CATALOGS = YES;
				MTL_ENABLE_DEBUG_INFO = NO;
				MTL_FAST_MATH = YES;
				SDKROOT = iphoneos;
				STRING_CATALOG_GENERATE_SYMBOLS = YES;
				SWIFT_COMPILATION_MODE = wholemodule;
				VALIDATE_PRODUCT = YES;
			};
			name = Release;
		};
		A1234567890123456789012345678943 /* Debug */ = {
			isa = XCBuildConfiguration;
			buildSettings = {
				ASSETCATALOG_COMPILER_APPICON_NAME = AppIcon;
				ASSETCATALOG_COMPILER_GLOBAL_ACCENT_COLOR_NAME = AccentColor;
				CLANG_ENABLE_MODULES = YES;
				CODE_SIGN_STYLE = Automatic;
				CURRENT_PROJECT_VERSION = 1;
				DEVELOPMENT_ASSET_PATHS = "\"Preview Content\"";
				ENABLE_PREVIEWS = YES;
				GENERATE_INFOPLIST_FILE = YES;
				INFOPLIST_KEY_CFBundleDisplayName = "Bills & Balance";
				INFOPLIST_KEY_LSApplicationCategoryType = "public.app-category.finance";
				INFOPLIST_KEY_UIApplicationSceneManifest_Generation = YES;
				INFOPLIST_KEY_UIApplicationSupportsIndirectInputEvents = YES;
				INFOPLIST_KEY_UILaunchScreen_Generation = YES;
				INFOPLIST_KEY_UISupportedInterfaceOrientations_iPad = "UIInterfaceOrientationPortrait UIInterfaceOrientationPortraitUpsideDown UIInterfaceOrientationLandscapeLeft UIInterfaceOrientationLandscapeRight";
				INFOPLIST_KEY_UISupportedInterfaceOrientations_iPhone = "UIInterfaceOrientationPortrait UIInterfaceOrientationLandscapeLeft UIInterfaceOrientationLandscapeRight";
				LD_RUNPATH_SEARCH_PATHS = (
					"$(inherited)",
					"@executable_path/Frameworks",
				);
				MARKETING_VERSION = 1.0;
				PRODUCT_BUNDLE_IDENTIFIER = com.kyle.billsandbalance;
				PRODUCT_NAME = "$(TARGET_NAME)";
				SWIFT_EMIT_LOC_STRINGS = YES;
				SWIFT_OBJC_BRIDGING_HEADER = "BillsAndBalance-Bridging-Header.h";
				SWIFT_OPTIMIZATION_LEVEL = "-Onone";
				SWIFT_VERSION = 5.0;
				TARGETED_DEVICE_FAMILY = "1,2";
			};
			name = Debug;
		};
		A1234567890123456789012345678944 /* Release */ = {
			isa = XCBuildConfiguration;
			buildSettings = {
				ASSETCATALOG_COMPILER_APPICON_NAME = AppIcon;
				ASSETCATALOG_COMPILER_GLOBAL_ACCENT_COLOR_NAME = AccentColor;
				CLANG_ENABLE_MODULES = YES;
				CODE_SIGN_STYLE = Automatic;
				CURRENT_PROJECT_VERSION = 1;
				DEVELOPMENT_ASSET_PATHS = "\"Preview Content\"";
				ENABLE_PREVIEWS = YES;
				GENERATE_INFOPLIST_FILE = YES;
				INFOPLIST_KEY_CFBundleDisplayName = "Bills & Balance";
				INFOPLIST_KEY_LSApplicationCategoryType = "public.app-category.finance";
				INFOPLIST_KEY_UIApplicationSceneManifest_Generation = YES;
				INFOPLIST_KEY_UIApplicationSupportsIndirectInputEvents = YES;
				INFOPLIST_KEY_UILaunchScreen_Generation = YES;
				INFOPLIST_KEY_UISupportedInterfaceOrientations_iPad = "UIInterfaceOrientationPortrait UIInterfaceOrientationPortraitUpsideDown UIInterfaceOrientationLandscapeLeft UIInterfaceOrientationLandscapeRight";
				INFOPLIST_KEY_UISupportedInterfaceOrientations_iPhone = "UIInterfaceOrientationPortrait UIInterfaceOrientationLandscapeLeft UIInterfaceOrientationLandscapeRight";
				LD_RUNPATH_SEARCH_PATHS = (
					"$(inherited)",
					"@executable_path/Frameworks",
				);
				MARKETING_VERSION = 1.0;
				PRODUCT_BUNDLE_IDENTIFIER = com.kyle.billsandbalance;
				PRODUCT_NAME = "$(TARGET_NAME)";
				SWIFT_EMIT_LOC_STRINGS = YES;
				SWIFT_OBJC_BRIDGING_HEADER = "BillsAndBalance-Bridging-Header.h";
				SWIFT_VERSION = 5.0;
				TARGETED_DEVICE_FAMILY = "1,2";
			};
			name = Release;
		};
/* End XCBuildConfiguration section */

/* Begin XCConfigurationList section */
		A1234567890123456789012345678936 /* Build configuration list for PBXNativeTarget "BillsAndBalance" */ = {
			isa = XCConfigurationList;
			buildConfigurations = (
				A1234567890123456789012345678943 /* Debug */,
				A1234567890123456789012345678944 /* Release */,
			);
			defaultConfigurationIsVisible = 0;
			defaultConfigurationName = Release;
		};
		A1234567890123456789012345678940 /* Build configuration list for PBXProject "BillsAndBalance" */ = {
			isa = XCConfigurationList;
			buildConfigurations = (
				A1234567890123456789012345678941 /* Debug */,
				A1234567890123456789012345678942 /* Release */,
			);
			defaultConfigurationIsVisible = 0;
			defaultConfigurationName = Release;
		};
/* End XCConfigurationList section */

/* Begin XCVersionGroup section */
		DE14BD572EBAFC87008476B5 /* BillsAndBalance.xcdatamodeld */ = {
			isa = XCVersionGroup;
			children = (
				DE14BD582EBAFC87008476B5 /* BillsAndBalance.xcdatamodel */,
			);
			currentVersion = DE14BD582EBAFC87008476B5 /* BillsAndBalance.xcdatamodel */;
			path = BillsAndBalance.xcdatamodeld;
			sourceTree = "<group>";
			versionGroupType = wrapper.xcdatamodel;
		};
/* End XCVersionGroup section */
	};
	rootObject = A1234567890123456789012345678939 /* Project object */;
}
